
Microsoft Visual Studio Solution File, Format Version 12.00
# Visual Studio 15
VisualStudioVersion = 15.0.27703.2000
MinimumVisualStudioVersion = 10.0.40219.1
Project("{FAE04EC0-301F-11D3-BF4B-00C04F79EFBC}") = "LinkTest.Android", "LinkTest\LinkTest.Android\LinkTest.Android.csproj", "{6E9C2BDF-6925-4CFE-AECC-0E3F49FF4DAC}"
EndProject
Project("{FAE04EC0-301F-11D3-BF4B-00C04F79EFBC}") = "LinkTest.iOS", "LinkTest\LinkTest.iOS\LinkTest.iOS.csproj", "{6F02D7AB-9C45-45CD-B899-C312FCFF4F53}"
EndProject
Project("{FAE04EC0-301F-11D3-BF4B-00C04F79EFBC}") = "LinkTest.UWP", "LinkTest\LinkTest.UWP\LinkTest.UWP.csproj", "{55049E17-B76A-4F5C-861F-6874180759A8}"
EndProject
Project("{FAE04EC0-301F-11D3-BF4B-00C04F79EFBC}") = "LinkTest", "LinkTest\LinkTest\LinkTest.csproj", "{F6679FF4-EAB5-4EA3-86C8-329BA26B65FD}"
EndProject
Global
	GlobalSection(SolutionConfigurationPlatforms) = preSolution
		Ad-Hoc|Any CPU = Ad-Hoc|Any CPU
		Ad-Hoc|ARM = Ad-Hoc|ARM
		Ad-Hoc|iPhone = Ad-Hoc|iPhone
		Ad-Hoc|iPhoneSimulator = Ad-Hoc|iPhoneSimulator
		Ad-Hoc|x64 = Ad-Hoc|x64
		Ad-Hoc|x86 = Ad-Hoc|x86
		AppStore|Any CPU = AppStore|Any CPU
		AppStore|ARM = AppStore|ARM
		AppStore|iPhone = AppStore|iPhone
		AppStore|iPhoneSimulator = AppStore|iPhoneSimulator
		AppStore|x64 = AppStore|x64
		AppStore|x86 = AppStore|x86
		Debug|Any CPU = Debug|Any CPU
		Debug|ARM = Debug|ARM
		Debug|iPhone = Debug|iPhone
		Debug|iPhoneSimulator = Debug|iPhoneSimulator
		Debug|x64 = Debug|x64
		Debug|x86 = Debug|x86
		Release|Any CPU = Release|Any CPU
		Release|ARM = Release|ARM
		Release|iPhone = Release|iPhone
		Release|iPhoneSimulator = Release|iPhoneSimulator
		Release|x64 = Release|x64
		Release|x86 = Release|x86
	EndGlobalSection
	GlobalSection(ProjectConfigurationPlatforms) = postSolution
		{6E9C2BDF-6925-4CFE-AECC-0E3F49FF4DAC}.Ad-Hoc|Any CPU.ActiveCfg = Release|Any CPU
		{6E9C2BDF-6925-4CFE-AECC-0E3F49FF4DAC}.Ad-Hoc|Any CPU.Build.0 = Release|Any CPU
		{6E9C2BDF-6925-4CFE-AECC-0E3F49FF4DAC}.Ad-Hoc|Any CPU.Deploy.0 = Release|Any CPU
		{6E9C2BDF-6925-4CFE-AECC-0E3F49FF4DAC}.Ad-Hoc|ARM.ActiveCfg = Release|Any CPU
		{6E9C2BDF-6925-4CFE-AECC-0E3F49FF4DAC}.Ad-Hoc|ARM.Build.0 = Release|Any CPU
		{6E9C2BDF-6925-4CFE-AECC-0E3F49FF4DAC}.Ad-Hoc|ARM.Deploy.0 = Release|Any CPU
		{6E9C2BDF-6925-4CFE-AECC-0E3F49FF4DAC}.Ad-Hoc|iPhone.ActiveCfg = Release|Any CPU
		{6E9C2BDF-6925-4CFE-AECC-0E3F49FF4DAC}.Ad-Hoc|iPhone.Build.0 = Release|Any CPU
		{6E9C2BDF-6925-4CFE-AECC-0E3F49FF4DAC}.Ad-Hoc|iPhone.Deploy.0 = Release|Any CPU
		{6E9C2BDF-6925-4CFE-AECC-0E3F49FF4DAC}.Ad-Hoc|iPhoneSimulator.ActiveCfg = Release|Any CPU
		{6E9C2BDF-6925-4CFE-AECC-0E3F49FF4DAC}.Ad-Hoc|iPhoneSimulator.Build.0 = Release|Any CPU
		{6E9C2BDF-6925-4CFE-AECC-0E3F49FF4DAC}.Ad-Hoc|iPhoneSimulator.Deploy.0 = Release|Any CPU
		{6E9C2BDF-6925-4CFE-AECC-0E3F49FF4DAC}.Ad-Hoc|x64.ActiveCfg = Release|Any CPU
		{6E9C2BDF-6925-4CFE-AECC-0E3F49FF4DAC}.Ad-Hoc|x64.Build.0 = Release|Any CPU
		{6E9C2BDF-6925-4CFE-AECC-0E3F49FF4DAC}.Ad-Hoc|x64.Deploy.0 = Release|Any CPU
		{6E9C2BDF-6925-4CFE-AECC-0E3F49FF4DAC}.Ad-Hoc|x86.ActiveCfg = Release|Any CPU
		{6E9C2BDF-6925-4CFE-AECC-0E3F49FF4DAC}.Ad-Hoc|x86.Build.0 = Release|Any CPU
		{6E9C2BDF-6925-4CFE-AECC-0E3F49FF4DAC}.Ad-Hoc|x86.Deploy.0 = Release|Any CPU
		{6E9C2BDF-6925-4CFE-AECC-0E3F49FF4DAC}.AppStore|Any CPU.ActiveCfg = Release|Any CPU
		{6E9C2BDF-6925-4CFE-AECC-0E3F49FF4DAC}.AppStore|Any CPU.Build.0 = Release|Any CPU
		{6E9C2BDF-6925-4CFE-AECC-0E3F49FF4DAC}.AppStore|Any CPU.Deploy.0 = Release|Any CPU
		{6E9C2BDF-6925-4CFE-AECC-0E3F49FF4DAC}.AppStore|ARM.ActiveCfg = Release|Any CPU
		{6E9C2BDF-6925-4CFE-AECC-0E3F49FF4DAC}.AppStore|ARM.Build.0 = Release|Any CPU
		{6E9C2BDF-6925-4CFE-AECC-0E3F49FF4DAC}.AppStore|ARM.Deploy.0 = Release|Any CPU
		{6E9C2BDF-6925-4CFE-AECC-0E3F49FF4DAC}.AppStore|iPhone.ActiveCfg = Release|Any CPU
		{6E9C2BDF-6925-4CFE-AECC-0E3F49FF4DAC}.AppStore|iPhone.Build.0 = Release|Any CPU
		{6E9C2BDF-6925-4CFE-AECC-0E3F49FF4DAC}.AppStore|iPhone.Deploy.0 = Release|Any CPU
		{6E9C2BDF-6925-4CFE-AECC-0E3F49FF4DAC}.AppStore|iPhoneSimulator.ActiveCfg = Release|Any CPU
		{6E9C2BDF-6925-4CFE-AECC-0E3F49FF4DAC}.AppStore|iPhoneSimulator.Build.0 = Release|Any CPU
		{6E9C2BDF-6925-4CFE-AECC-0E3F49FF4DAC}.AppStore|iPhoneSimulator.Deploy.0 = Release|Any CPU
		{6E9C2BDF-6925-4CFE-AECC-0E3F49FF4DAC}.AppStore|x64.ActiveCfg = Release|Any CPU
		{6E9C2BDF-6925-4CFE-AECC-0E3F49FF4DAC}.AppStore|x64.Build.0 = Release|Any CPU
		{6E9C2BDF-6925-4CFE-AECC-0E3F49FF4DAC}.AppStore|x64.Deploy.0 = Release|Any CPU
		{6E9C2BDF-6925-4CFE-AECC-0E3F49FF4DAC}.AppStore|x86.ActiveCfg = Release|Any CPU
		{6E9C2BDF-6925-4CFE-AECC-0E3F49FF4DAC}.AppStore|x86.Build.0 = Release|Any CPU
		{6E9C2BDF-6925-4CFE-AECC-0E3F49FF4DAC}.AppStore|x86.Deploy.0 = Release|Any CPU
		{6E9C2BDF-6925-4CFE-AECC-0E3F49FF4DAC}.Debug|Any CPU.ActiveCfg = Debug|Any CPU
		{6E9C2BDF-6925-4CFE-AECC-0E3F49FF4DAC}.Debug|Any CPU.Build.0 = Debug|Any CPU
		{6E9C2BDF-6925-4CFE-AECC-0E3F49FF4DAC}.Debug|Any CPU.Deploy.0 = Debug|Any CPU
		{6E9C2BDF-6925-4CFE-AECC-0E3F49FF4DAC}.Debug|ARM.ActiveCfg = Debug|Any CPU
		{6E9C2BDF-6925-4CFE-AECC-0E3F49FF4DAC}.Debug|ARM.Build.0 = Debug|Any CPU
		{6E9C2BDF-6925-4CFE-AECC-0E3F49FF4DAC}.Debug|ARM.Deploy.0 = Debug|Any CPU
		{6E9C2BDF-6925-4CFE-AECC-0E3F49FF4DAC}.Debug|iPhone.ActiveCfg = Debug|Any CPU
		{6E9C2BDF-6925-4CFE-AECC-0E3F49FF4DAC}.Debug|iPhone.Build.0 = Debug|Any CPU
		{6E9C2BDF-6925-4CFE-AECC-0E3F49FF4DAC}.Debug|iPhone.Deploy.0 = Debug|Any CPU
		{6E9C2BDF-6925-4CFE-AECC-0E3F49FF4DAC}.Debug|iPhoneSimulator.ActiveCfg = Debug|Any CPU
		{6E9C2BDF-6925-4CFE-AECC-0E3F49FF4DAC}.Debug|iPhoneSimulator.Build.0 = Debug|Any CPU
		{6E9C2BDF-6925-4CFE-AECC-0E3F49FF4DAC}.Debug|iPhoneSimulator.Deploy.0 = Debug|Any CPU
		{6E9C2BDF-6925-4CFE-AECC-0E3F49FF4DAC}.Debug|x64.ActiveCfg = Debug|Any CPU
		{6E9C2BDF-6925-4CFE-AECC-0E3F49FF4DAC}.Debug|x64.Build.0 = Debug|Any CPU
		{6E9C2BDF-6925-4CFE-AECC-0E3F49FF4DAC}.Debug|x64.Deploy.0 = Debug|Any CPU
		{6E9C2BDF-6925-4CFE-AECC-0E3F49FF4DAC}.Debug|x86.ActiveCfg = Debug|Any CPU
		{6E9C2BDF-6925-4CFE-AECC-0E3F49FF4DAC}.Debug|x86.Build.0 = Debug|Any CPU
		{6E9C2BDF-6925-4CFE-AECC-0E3F49FF4DAC}.Debug|x86.Deploy.0 = Debug|Any CPU
		{6E9C2BDF-6925-4CFE-AECC-0E3F49FF4DAC}.Release|Any CPU.ActiveCfg = Release|Any CPU
		{6E9C2BDF-6925-4CFE-AECC-0E3F49FF4DAC}.Release|Any CPU.Build.0 = Release|Any CPU
		{6E9C2BDF-6925-4CFE-AECC-0E3F49FF4DAC}.Release|Any CPU.Deploy.0 = Release|Any CPU
		{6E9C2BDF-6925-4CFE-AECC-0E3F49FF4DAC}.Release|ARM.ActiveCfg = Release|Any CPU
		{6E9C2BDF-6925-4CFE-AECC-0E3F49FF4DAC}.Release|ARM.Build.0 = Release|Any CPU
		{6E9C2BDF-6925-4CFE-AECC-0E3F49FF4DAC}.Release|ARM.Deploy.0 = Release|Any CPU
		{6E9C2BDF-6925-4CFE-AECC-0E3F49FF4DAC}.Release|iPhone.ActiveCfg = Release|Any CPU
		{6E9C2BDF-6925-4CFE-AECC-0E3F49FF4DAC}.Release|iPhone.Build.0 = Release|Any CPU
		{6E9C2BDF-6925-4CFE-AECC-0E3F49FF4DAC}.Release|iPhone.Deploy.0 = Release|Any CPU
		{6E9C2BDF-6925-4CFE-AECC-0E3F49FF4DAC}.Release|iPhoneSimulator.ActiveCfg = Release|Any CPU
		{6E9C2BDF-6925-4CFE-AECC-0E3F49FF4DAC}.Release|iPhoneSimulator.Build.0 = Release|Any CPU
		{6E9C2BDF-6925-4CFE-AECC-0E3F49FF4DAC}.Release|iPhoneSimulator.Deploy.0 = Release|Any CPU
		{6E9C2BDF-6925-4CFE-AECC-0E3F49FF4DAC}.Release|x64.ActiveCfg = Release|Any CPU
		{6E9C2BDF-6925-4CFE-AECC-0E3F49FF4DAC}.Release|x64.Build.0 = Release|Any CPU
		{6E9C2BDF-6925-4CFE-AECC-0E3F49FF4DAC}.Release|x64.Deploy.0 = Release|Any CPU
		{6E9C2BDF-6925-4CFE-AECC-0E3F49FF4DAC}.Release|x86.ActiveCfg = Release|Any CPU
		{6E9C2BDF-6925-4CFE-AECC-0E3F49FF4DAC}.Release|x86.Build.0 = Release|Any CPU
		{6E9C2BDF-6925-4CFE-AECC-0E3F49FF4DAC}.Release|x86.Deploy.0 = Release|Any CPU
		{6F02D7AB-9C45-45CD-B899-C312FCFF4F53}.Ad-Hoc|Any CPU.ActiveCfg = Ad-Hoc|iPhone
		{6F02D7AB-9C45-45CD-B899-C312FCFF4F53}.Ad-Hoc|Any CPU.Build.0 = Ad-Hoc|iPhone
		{6F02D7AB-9C45-45CD-B899-C312FCFF4F53}.Ad-Hoc|Any CPU.Deploy.0 = Ad-Hoc|iPhone
		{6F02D7AB-9C45-45CD-B899-C312FCFF4F53}.Ad-Hoc|ARM.ActiveCfg = Ad-Hoc|iPhone
		{6F02D7AB-9C45-45CD-B899-C312FCFF4F53}.Ad-Hoc|ARM.Build.0 = Ad-Hoc|iPhone
		{6F02D7AB-9C45-45CD-B899-C312FCFF4F53}.Ad-Hoc|ARM.Deploy.0 = Ad-Hoc|iPhone
		{6F02D7AB-9C45-45CD-B899-C312FCFF4F53}.Ad-Hoc|iPhone.ActiveCfg = Ad-Hoc|iPhone
		{6F02D7AB-9C45-45CD-B899-C312FCFF4F53}.Ad-Hoc|iPhone.Build.0 = Ad-Hoc|iPhone
		{6F02D7AB-9C45-45CD-B899-C312FCFF4F53}.Ad-Hoc|iPhone.Deploy.0 = Ad-Hoc|iPhone
		{6F02D7AB-9C45-45CD-B899-C312FCFF4F53}.Ad-Hoc|iPhoneSimulator.ActiveCfg = Ad-Hoc|iPhoneSimulator
		{6F02D7AB-9C45-45CD-B899-C312FCFF4F53}.Ad-Hoc|iPhoneSimulator.Build.0 = Ad-Hoc|iPhoneSimulator
		{6F02D7AB-9C45-45CD-B899-C312FCFF4F53}.Ad-Hoc|iPhoneSimulator.Deploy.0 = Ad-Hoc|iPhoneSimulator
		{6F02D7AB-9C45-45CD-B899-C312FCFF4F53}.Ad-Hoc|x64.ActiveCfg = Ad-Hoc|iPhone
		{6F02D7AB-9C45-45CD-B899-C312FCFF4F53}.Ad-Hoc|x64.Build.0 = Ad-Hoc|iPhone
		{6F02D7AB-9C45-45CD-B899-C312FCFF4F53}.Ad-Hoc|x64.Deploy.0 = Ad-Hoc|iPhone
		{6F02D7AB-9C45-45CD-B899-C312FCFF4F53}.Ad-Hoc|x86.ActiveCfg = Ad-Hoc|iPhone
		{6F02D7AB-9C45-45CD-B899-C312FCFF4F53}.Ad-Hoc|x86.Build.0 = Ad-Hoc|iPhone
		{6F02D7AB-9C45-45CD-B899-C312FCFF4F53}.Ad-Hoc|x86.Deploy.0 = Ad-Hoc|iPhone
		{6F02D7AB-9C45-45CD-B899-C312FCFF4F53}.AppStore|Any CPU.ActiveCfg = AppStore|iPhone
		{6F02D7AB-9C45-45CD-B899-C312FCFF4F53}.AppStore|Any CPU.Build.0 = AppStore|iPhone
		{6F02D7AB-9C45-45CD-B899-C312FCFF4F53}.AppStore|Any CPU.Deploy.0 = AppStore|iPhone
		{6F02D7AB-9C45-45CD-B899-C312FCFF4F53}.AppStore|ARM.ActiveCfg = AppStore|iPhone
		{6F02D7AB-9C45-45CD-B899-C312FCFF4F53}.AppStore|ARM.Build.0 = AppStore|iPhone
		{6F02D7AB-9C45-45CD-B899-C312FCFF4F53}.AppStore|ARM.Deploy.0 = AppStore|iPhone
		{6F02D7AB-9C45-45CD-B899-C312FCFF4F53}.AppStore|iPhone.ActiveCfg = AppStore|iPhone
		{6F02D7AB-9C45-45CD-B899-C312FCFF4F53}.AppStore|iPhone.Build.0 = AppStore|iPhone
		{6F02D7AB-9C45-45CD-B899-C312FCFF4F53}.AppStore|iPhone.Deploy.0 = AppStore|iPhone
		{6F02D7AB-9C45-45CD-B899-C312FCFF4F53}.AppStore|iPhoneSimulator.ActiveCfg = AppStore|iPhoneSimulator
		{6F02D7AB-9C45-45CD-B899-C312FCFF4F53}.AppStore|iPhoneSimulator.Build.0 = AppStore|iPhoneSimulator
		{6F02D7AB-9C45-45CD-B899-C312FCFF4F53}.AppStore|iPhoneSimulator.Deploy.0 = AppStore|iPhoneSimulator
		{6F02D7AB-9C45-45CD-B899-C312FCFF4F53}.AppStore|x64.ActiveCfg = AppStore|iPhone
		{6F02D7AB-9C45-45CD-B899-C312FCFF4F53}.AppStore|x64.Build.0 = AppStore|iPhone
		{6F02D7AB-9C45-45CD-B899-C312FCFF4F53}.AppStore|x64.Deploy.0 = AppStore|iPhone
		{6F02D7AB-9C45-45CD-B899-C312FCFF4F53}.AppStore|x86.ActiveCfg = AppStore|iPhone
		{6F02D7AB-9C45-45CD-B899-C312FCFF4F53}.AppStore|x86.Build.0 = AppStore|iPhone
		{6F02D7AB-9C45-45CD-B899-C312FCFF4F53}.AppStore|x86.Deploy.0 = AppStore|iPhone
		{6F02D7AB-9C45-45CD-B899-C312FCFF4F53}.Debug|Any CPU.ActiveCfg = Debug|iPhoneSimulator
		{6F02D7AB-9C45-45CD-B899-C312FCFF4F53}.Debug|Any CPU.Build.0 = Debug|iPhoneSimulator
		{6F02D7AB-9C45-45CD-B899-C312FCFF4F53}.Debug|Any CPU.Deploy.0 = Debug|iPhoneSimulator
		{6F02D7AB-9C45-45CD-B899-C312FCFF4F53}.Debug|ARM.ActiveCfg = Debug|iPhone
		{6F02D7AB-9C45-45CD-B899-C312FCFF4F53}.Debug|ARM.Build.0 = Debug|iPhone
		{6F02D7AB-9C45-45CD-B899-C312FCFF4F53}.Debug|ARM.Deploy.0 = Debug|iPhone
		{6F02D7AB-9C45-45CD-B899-C312FCFF4F53}.Debug|iPhone.ActiveCfg = Debug|iPhone
		{6F02D7AB-9C45-45CD-B899-C312FCFF4F53}.Debug|iPhone.Build.0 = Debug|iPhone
		{6F02D7AB-9C45-45CD-B899-C312FCFF4F53}.Debug|iPhone.Deploy.0 = Debug|iPhone
		{6F02D7AB-9C45-45CD-B899-C312FCFF4F53}.Debug|iPhoneSimulator.ActiveCfg = Debug|iPhoneSimulator
		{6F02D7AB-9C45-45CD-B899-C312FCFF4F53}.Debug|iPhoneSimulator.Build.0 = Debug|iPhoneSimulator
		{6F02D7AB-9C45-45CD-B899-C312FCFF4F53}.Debug|iPhoneSimulator.Deploy.0 = Debug|iPhoneSimulator
		{6F02D7AB-9C45-45CD-B899-C312FCFF4F53}.Debug|x64.ActiveCfg = Debug|iPhone
		{6F02D7AB-9C45-45CD-B899-C312FCFF4F53}.Debug|x64.Build.0 = Debug|iPhone
		{6F02D7AB-9C45-45CD-B899-C312FCFF4F53}.Debug|x64.Deploy.0 = Debug|iPhone
		{6F02D7AB-9C45-45CD-B899-C312FCFF4F53}.Debug|x86.ActiveCfg = Debug|iPhone
		{6F02D7AB-9C45-45CD-B899-C312FCFF4F53}.Debug|x86.Build.0 = Debug|iPhone
		{6F02D7AB-9C45-45CD-B899-C312FCFF4F53}.Debug|x86.Deploy.0 = Debug|iPhone
		{6F02D7AB-9C45-45CD-B899-C312FCFF4F53}.Release|Any CPU.ActiveCfg = Release|iPhone
		{6F02D7AB-9C45-45CD-B899-C312FCFF4F53}.Release|Any CPU.Build.0 = Release|iPhone
		{6F02D7AB-9C45-45CD-B899-C312FCFF4F53}.Release|Any CPU.Deploy.0 = Release|iPhone
		{6F02D7AB-9C45-45CD-B899-C312FCFF4F53}.Release|ARM.ActiveCfg = Release|iPhone
		{6F02D7AB-9C45-45CD-B899-C312FCFF4F53}.Release|ARM.Build.0 = Release|iPhone
		{6F02D7AB-9C45-45CD-B899-C312FCFF4F53}.Release|ARM.Deploy.0 = Release|iPhone
		{6F02D7AB-9C45-45CD-B899-C312FCFF4F53}.Release|iPhone.ActiveCfg = Release|iPhone
		{6F02D7AB-9C45-45CD-B899-C312FCFF4F53}.Release|iPhone.Build.0 = Release|iPhone
		{6F02D7AB-9C45-45CD-B899-C312FCFF4F53}.Release|iPhone.Deploy.0 = Release|iPhone
		{6F02D7AB-9C45-45CD-B899-C312FCFF4F53}.Release|iPhoneSimulator.ActiveCfg = Release|iPhoneSimulator
		{6F02D7AB-9C45-45CD-B899-C312FCFF4F53}.Release|iPhoneSimulator.Build.0 = Release|iPhoneSimulator
		{6F02D7AB-9C45-45CD-B899-C312FCFF4F53}.Release|iPhoneSimulator.Deploy.0 = Release|iPhoneSimulator
		{6F02D7AB-9C45-45CD-B899-C312FCFF4F53}.Release|x64.ActiveCfg = Release|iPhone
		{6F02D7AB-9C45-45CD-B899-C312FCFF4F53}.Release|x64.Build.0 = Release|iPhone
		{6F02D7AB-9C45-45CD-B899-C312FCFF4F53}.Release|x64.Deploy.0 = Release|iPhone
		{6F02D7AB-9C45-45CD-B899-C312FCFF4F53}.Release|x86.ActiveCfg = Release|iPhone
		{6F02D7AB-9C45-45CD-B899-C312FCFF4F53}.Release|x86.Build.0 = Release|iPhone
		{6F02D7AB-9C45-45CD-B899-C312FCFF4F53}.Release|x86.Deploy.0 = Release|iPhone
		{55049E17-B76A-4F5C-861F-6874180759A8}.Ad-Hoc|Any CPU.ActiveCfg = Release|x86
		{55049E17-B76A-4F5C-861F-6874180759A8}.Ad-Hoc|Any CPU.Build.0 = Release|x86
		{55049E17-B76A-4F5C-861F-6874180759A8}.Ad-Hoc|Any CPU.Deploy.0 = Release|x86
		{55049E17-B76A-4F5C-861F-6874180759A8}.Ad-Hoc|ARM.ActiveCfg = Release|ARM
		{55049E17-B76A-4F5C-861F-6874180759A8}.Ad-Hoc|ARM.Build.0 = Release|ARM
		{55049E17-B76A-4F5C-861F-6874180759A8}.Ad-Hoc|ARM.Deploy.0 = Release|ARM
		{55049E17-B76A-4F5C-861F-6874180759A8}.Ad-Hoc|iPhone.ActiveCfg = Release|x86
		{55049E17-B76A-4F5C-861F-6874180759A8}.Ad-Hoc|iPhone.Build.0 = Release|x86
		{55049E17-B76A-4F5C-861F-6874180759A8}.Ad-Hoc|iPhone.Deploy.0 = Release|x86
		{55049E17-B76A-4F5C-861F-6874180759A8}.Ad-Hoc|iPhoneSimulator.ActiveCfg = Release|x86
		{55049E17-B76A-4F5C-861F-6874180759A8}.Ad-Hoc|iPhoneSimulator.Build.0 = Release|x86
		{55049E17-B76A-4F5C-861F-6874180759A8}.Ad-Hoc|iPhoneSimulator.Deploy.0 = Release|x86
		{55049E17-B76A-4F5C-861F-6874180759A8}.Ad-Hoc|x64.ActiveCfg = Release|x64
		{55049E17-B76A-4F5C-861F-6874180759A8}.Ad-Hoc|x64.Build.0 = Release|x64
		{55049E17-B76A-4F5C-861F-6874180759A8}.Ad-Hoc|x64.Deploy.0 = Release|x64
		{55049E17-B76A-4F5C-861F-6874180759A8}.Ad-Hoc|x86.ActiveCfg = Release|x86
		{55049E17-B76A-4F5C-861F-6874180759A8}.Ad-Hoc|x86.Build.0 = Release|x86
		{55049E17-B76A-4F5C-861F-6874180759A8}.Ad-Hoc|x86.Deploy.0 = Release|x86
		{55049E17-B76A-4F5C-861F-6874180759A8}.AppStore|Any CPU.ActiveCfg = Release|x86
		{55049E17-B76A-4F5C-861F-6874180759A8}.AppStore|Any CPU.Build.0 = Release|x86
		{55049E17-B76A-4F5C-861F-6874180759A8}.AppStore|Any CPU.Deploy.0 = Release|x86
		{55049E17-B76A-4F5C-861F-6874180759A8}.AppStore|ARM.ActiveCfg = Release|ARM
		{55049E17-B76A-4F5C-861F-6874180759A8}.AppStore|ARM.Build.0 = Release|ARM
		{55049E17-B76A-4F5C-861F-6874180759A8}.AppStore|ARM.Deploy.0 = Release|ARM
		{55049E17-B76A-4F5C-861F-6874180759A8}.AppStore|iPhone.ActiveCfg = Release|x86
		{55049E17-B76A-4F5C-861F-6874180759A8}.AppStore|iPhone.Build.0 = Release|x86
		{55049E17-B76A-4F5C-861F-6874180759A8}.AppStore|iPhone.Deploy.0 = Release|x86
		{55049E17-B76A-4F5C-861F-6874180759A8}.AppStore|iPhoneSimulator.ActiveCfg = Release|x86
		{55049E17-B76A-4F5C-861F-6874180759A8}.AppStore|iPhoneSimulator.Build.0 = Release|x86
		{55049E17-B76A-4F5C-861F-6874180759A8}.AppStore|iPhoneSimulator.Deploy.0 = Release|x86
		{55049E17-B76A-4F5C-861F-6874180759A8}.AppStore|x64.ActiveCfg = Release|x64
		{55049E17-B76A-4F5C-861F-6874180759A8}.AppStore|x64.Build.0 = Release|x64
		{55049E17-B76A-4F5C-861F-6874180759A8}.AppStore|x64.Deploy.0 = Release|x64
		{55049E17-B76A-4F5C-861F-6874180759A8}.AppStore|x86.ActiveCfg = Release|x86
		{55049E17-B76A-4F5C-861F-6874180759A8}.AppStore|x86.Build.0 = Release|x86
		{55049E17-B76A-4F5C-861F-6874180759A8}.AppStore|x86.Deploy.0 = Release|x86
		{55049E17-B76A-4F5C-861F-6874180759A8}.Debug|Any CPU.ActiveCfg = Debug|x86
		{55049E17-B76A-4F5C-861F-6874180759A8}.Debug|Any CPU.Build.0 = Debug|x86
		{55049E17-B76A-4F5C-861F-6874180759A8}.Debug|Any CPU.Deploy.0 = Debug|x86
		{55049E17-B76A-4F5C-861F-6874180759A8}.Debug|ARM.ActiveCfg = Debug|ARM
		{55049E17-B76A-4F5C-861F-6874180759A8}.Debug|ARM.Build.0 = Debug|ARM
		{55049E17-B76A-4F5C-861F-6874180759A8}.Debug|ARM.Deploy.0 = Debug|ARM
		{55049E17-B76A-4F5C-861F-6874180759A8}.Debug|iPhone.ActiveCfg = Debug|x86
		{55049E17-B76A-4F5C-861F-6874180759A8}.Debug|iPhone.Build.0 = Debug|x86
		{55049E17-B76A-4F5C-861F-6874180759A8}.Debug|iPhone.Deploy.0 = Debug|x86
		{55049E17-B76A-4F5C-861F-6874180759A8}.Debug|iPhoneSimulator.ActiveCfg = Debug|x86
		{55049E17-B76A-4F5C-861F-6874180759A8}.Debug|iPhoneSimulator.Build.0 = Debug|x86
		{55049E17-B76A-4F5C-861F-6874180759A8}.Debug|iPhoneSimulator.Deploy.0 = Debug|x86
		{55049E17-B76A-4F5C-861F-6874180759A8}.Debug|x64.ActiveCfg = Debug|x64
		{55049E17-B76A-4F5C-861F-6874180759A8}.Debug|x64.Build.0 = Debug|x64
		{55049E17-B76A-4F5C-861F-6874180759A8}.Debug|x64.Deploy.0 = Debug|x64
		{55049E17-B76A-4F5C-861F-6874180759A8}.Debug|x86.ActiveCfg = Debug|x86
		{55049E17-B76A-4F5C-861F-6874180759A8}.Debug|x86.Build.0 = Debug|x86
		{55049E17-B76A-4F5C-861F-6874180759A8}.Debug|x86.Deploy.0 = Debug|x86
		{55049E17-B76A-4F5C-861F-6874180759A8}.Release|Any CPU.ActiveCfg = Release|x86
		{55049E17-B76A-4F5C-861F-6874180759A8}.Release|Any CPU.Build.0 = Release|x86
		{55049E17-B76A-4F5C-861F-6874180759A8}.Release|Any CPU.Deploy.0 = Release|x86
		{55049E17-B76A-4F5C-861F-6874180759A8}.Release|ARM.ActiveCfg = Release|ARM
		{55049E17-B76A-4F5C-861F-6874180759A8}.Release|ARM.Build.0 = Release|ARM
		{55049E17-B76A-4F5C-861F-6874180759A8}.Release|ARM.Deploy.0 = Release|ARM
		{55049E17-B76A-4F5C-861F-6874180759A8}.Release|iPhone.ActiveCfg = Release|x86
		{55049E17-B76A-4F5C-861F-6874180759A8}.Release|iPhone.Build.0 = Release|x86
		{55049E17-B76A-4F5C-861F-6874180759A8}.Release|iPhone.Deploy.0 = Release|x86
		{55049E17-B76A-4F5C-861F-6874180759A8}.Release|iPhoneSimulator.ActiveCfg = Release|x86
		{55049E17-B76A-4F5C-861F-6874180759A8}.Release|iPhoneSimulator.Build.0 = Release|x86
		{55049E17-B76A-4F5C-861F-6874180759A8}.Release|iPhoneSimulator.Deploy.0 = Release|x86
		{55049E17-B76A-4F5C-861F-6874180759A8}.Release|x64.ActiveCfg = Release|x64
		{55049E17-B76A-4F5C-861F-6874180759A8}.Release|x64.Build.0 = Release|x64
		{55049E17-B76A-4F5C-861F-6874180759A8}.Release|x64.Deploy.0 = Release|x64
		{55049E17-B76A-4F5C-861F-6874180759A8}.Release|x86.ActiveCfg = Release|x86
		{55049E17-B76A-4F5C-861F-6874180759A8}.Release|x86.Build.0 = Release|x86
		{55049E17-B76A-4F5C-861F-6874180759A8}.Release|x86.Deploy.0 = Release|x86
		{F6679FF4-EAB5-4EA3-86C8-329BA26B65FD}.Ad-Hoc|Any CPU.ActiveCfg = Debug|Any CPU
		{F6679FF4-EAB5-4EA3-86C8-329BA26B65FD}.Ad-Hoc|Any CPU.Build.0 = Debug|Any CPU
		{F6679FF4-EAB5-4EA3-86C8-329BA26B65FD}.Ad-Hoc|Any CPU.Deploy.0 = Debug|Any CPU
		{F6679FF4-EAB5-4EA3-86C8-329BA26B65FD}.Ad-Hoc|ARM.ActiveCfg = Debug|Any CPU
		{F6679FF4-EAB5-4EA3-86C8-329BA26B65FD}.Ad-Hoc|ARM.Build.0 = Debug|Any CPU
		{F6679FF4-EAB5-4EA3-86C8-329BA26B65FD}.Ad-Hoc|ARM.Deploy.0 = Debug|Any CPU
		{F6679FF4-EAB5-4EA3-86C8-329BA26B65FD}.Ad-Hoc|iPhone.ActiveCfg = Debug|Any CPU
		{F6679FF4-EAB5-4EA3-86C8-329BA26B65FD}.Ad-Hoc|iPhone.Build.0 = Debug|Any CPU
		{F6679FF4-EAB5-4EA3-86C8-329BA26B65FD}.Ad-Hoc|iPhone.Deploy.0 = Debug|Any CPU
		{F6679FF4-EAB5-4EA3-86C8-329BA26B65FD}.Ad-Hoc|iPhoneSimulator.ActiveCfg = Debug|Any CPU
		{F6679FF4-EAB5-4EA3-86C8-329BA26B65FD}.Ad-Hoc|iPhoneSimulator.Build.0 = Debug|Any CPU
		{F6679FF4-EAB5-4EA3-86C8-329BA26B65FD}.Ad-Hoc|iPhoneSimulator.Deploy.0 = Debug|Any CPU
		{F6679FF4-EAB5-4EA3-86C8-329BA26B65FD}.Ad-Hoc|x64.ActiveCfg = Debug|Any CPU
		{F6679FF4-EAB5-4EA3-86C8-329BA26B65FD}.Ad-Hoc|x64.Build.0 = Debug|Any CPU
		{F6679FF4-EAB5-4EA3-86C8-329BA26B65FD}.Ad-Hoc|x64.Deploy.0 = Debug|Any CPU
		{F6679FF4-EAB5-4EA3-86C8-329BA26B65FD}.Ad-Hoc|x86.ActiveCfg = Debug|Any CPU
		{F6679FF4-EAB5-4EA3-86C8-329BA26B65FD}.Ad-Hoc|x86.Build.0 = Debug|Any CPU
		{F6679FF4-EAB5-4EA3-86C8-329BA26B65FD}.Ad-Hoc|x86.Deploy.0 = Debug|Any CPU
		{F6679FF4-EAB5-4EA3-86C8-329BA26B65FD}.AppStore|Any CPU.ActiveCfg = Debug|Any CPU
		{F6679FF4-EAB5-4EA3-86C8-329BA26B65FD}.AppStore|Any CPU.Build.0 = Debug|Any CPU
		{F6679FF4-EAB5-4EA3-86C8-329BA26B65FD}.AppStore|Any CPU.Deploy.0 = Debug|Any CPU
		{F6679FF4-EAB5-4EA3-86C8-329BA26B65FD}.AppStore|ARM.ActiveCfg = Debug|Any CPU
		{F6679FF4-EAB5-4EA3-86C8-329BA26B65FD}.AppStore|ARM.Build.0 = Debug|Any CPU
		{F6679FF4-EAB5-4EA3-86C8-329BA26B65FD}.AppStore|ARM.Deploy.0 = Debug|Any CPU
		{F6679FF4-EAB5-4EA3-86C8-329BA26B65FD}.AppStore|iPhone.ActiveCfg = Debug|Any CPU
		{F6679FF4-EAB5-4EA3-86C8-329BA26B65FD}.AppStore|iPhone.Build.0 = Debug|Any CPU
		{F6679FF4-EAB5-4EA3-86C8-329BA26B65FD}.AppStore|iPhone.Deploy.0 = Debug|Any CPU
		{F6679FF4-EAB5-4EA3-86C8-329BA26B65FD}.AppStore|iPhoneSimulator.ActiveCfg = Debug|Any CPU
		{F6679FF4-EAB5-4EA3-86C8-329BA26B65FD}.AppStore|iPhoneSimulator.Build.0 = Debug|Any CPU
		{F6679FF4-EAB5-4EA3-86C8-329BA26B65FD}.AppStore|iPhoneSimulator.Deploy.0 = Debug|Any CPU
		{F6679FF4-EAB5-4EA3-86C8-329BA26B65FD}.AppStore|x64.ActiveCfg = Debug|Any CPU
		{F6679FF4-EAB5-4EA3-86C8-329BA26B65FD}.AppStore|x64.Build.0 = Debug|Any CPU
		{F6679FF4-EAB5-4EA3-86C8-329BA26B65FD}.AppStore|x64.Deploy.0 = Debug|Any CPU
		{F6679FF4-EAB5-4EA3-86C8-329BA26B65FD}.AppStore|x86.ActiveCfg = Debug|Any CPU
		{F6679FF4-EAB5-4EA3-86C8-329BA26B65FD}.AppStore|x86.Build.0 = Debug|Any CPU
		{F6679FF4-EAB5-4EA3-86C8-329BA26B65FD}.AppStore|x86.Deploy.0 = Debug|Any CPU
		{F6679FF4-EAB5-4EA3-86C8-329BA26B65FD}.Debug|Any CPU.ActiveCfg = Debug|Any CPU
		{F6679FF4-EAB5-4EA3-86C8-329BA26B65FD}.Debug|Any CPU.Build.0 = Debug|Any CPU
		{F6679FF4-EAB5-4EA3-86C8-329BA26B65FD}.Debug|Any CPU.Deploy.0 = Debug|Any CPU
		{F6679FF4-EAB5-4EA3-86C8-329BA26B65FD}.Debug|ARM.ActiveCfg = Debug|Any CPU
		{F6679FF4-EAB5-4EA3-86C8-329BA26B65FD}.Debug|ARM.Build.0 = Debug|Any CPU
		{F6679FF4-EAB5-4EA3-86C8-329BA26B65FD}.Debug|ARM.Deploy.0 = Debug|Any CPU
		{F6679FF4-EAB5-4EA3-86C8-329BA26B65FD}.Debug|iPhone.ActiveCfg = Debug|Any CPU
		{F6679FF4-EAB5-4EA3-86C8-329BA26B65FD}.Debug|iPhone.Build.0 = Debug|Any CPU
		{F6679FF4-EAB5-4EA3-86C8-329BA26B65FD}.Debug|iPhone.Deploy.0 = Debug|Any CPU
		{F6679FF4-EAB5-4EA3-86C8-329BA26B65FD}.Debug|iPhoneSimulator.ActiveCfg = Debug|Any CPU
		{F6679FF4-EAB5-4EA3-86C8-329BA26B65FD}.Debug|iPhoneSimulator.Build.0 = Debug|Any CPU
		{F6679FF4-EAB5-4EA3-86C8-329BA26B65FD}.Debug|iPhoneSimulator.Deploy.0 = Debug|Any CPU
		{F6679FF4-EAB5-4EA3-86C8-329BA26B65FD}.Debug|x64.ActiveCfg = Debug|Any CPU
		{F6679FF4-EAB5-4EA3-86C8-329BA26B65FD}.Debug|x64.Build.0 = Debug|Any CPU
		{F6679FF4-EAB5-4EA3-86C8-329BA26B65FD}.Debug|x64.Deploy.0 = Debug|Any CPU
		{F6679FF4-EAB5-4EA3-86C8-329BA26B65FD}.Debug|x86.ActiveCfg = Debug|Any CPU
		{F6679FF4-EAB5-4EA3-86C8-329BA26B65FD}.Debug|x86.Build.0 = Debug|Any CPU
		{F6679FF4-EAB5-4EA3-86C8-329BA26B65FD}.Debug|x86.Deploy.0 = Debug|Any CPU
		{F6679FF4-EAB5-4EA3-86C8-329BA26B65FD}.Release|Any CPU.ActiveCfg = Release|Any CPU
		{F6679FF4-EAB5-4EA3-86C8-329BA26B65FD}.Release|Any CPU.Build.0 = Release|Any CPU
		{F6679FF4-EAB5-4EA3-86C8-329BA26B65FD}.Release|Any CPU.Deploy.0 = Release|Any CPU
		{F6679FF4-EAB5-4EA3-86C8-329BA26B65FD}.Release|ARM.ActiveCfg = Release|Any CPU
		{F6679FF4-EAB5-4EA3-86C8-329BA26B65FD}.Release|ARM.Build.0 = Release|Any CPU
		{F6679FF4-EAB5-4EA3-86C8-329BA26B65FD}.Release|ARM.Deploy.0 = Release|Any CPU
		{F6679FF4-EAB5-4EA3-86C8-329BA26B65FD}.Release|iPhone.ActiveCfg = Release|Any CPU
		{F6679FF4-EAB5-4EA3-86C8-329BA26B65FD}.Release|iPhone.Build.0 = Release|Any CPU
		{F6679FF4-EAB5-4EA3-86C8-329BA26B65FD}.Release|iPhone.Deploy.0 = Release|Any CPU
		{F6679FF4-EAB5-4EA3-86C8-329BA26B65FD}.Release|iPhoneSimulator.ActiveCfg = Release|Any CPU
		{F6679FF4-EAB5-4EA3-86C8-329BA26B65FD}.Release|iPhoneSimulator.Build.0 = Release|Any CPU
		{F6679FF4-EAB5-4EA3-86C8-329BA26B65FD}.Release|iPhoneSimulator.Deploy.0 = Release|Any CPU
		{F6679FF4-EAB5-4EA3-86C8-329BA26B65FD}.Release|x64.ActiveCfg = Release|Any CPU
		{F6679FF4-EAB5-4EA3-86C8-329BA26B65FD}.Release|x64.Build.0 = Release|Any CPU
		{F6679FF4-EAB5-4EA3-86C8-329BA26B65FD}.Release|x64.Deploy.0 = Release|Any CPU
		{F6679FF4-EAB5-4EA3-86C8-329BA26B65FD}.Release|x86.ActiveCfg = Release|Any CPU
		{F6679FF4-EAB5-4EA3-86C8-329BA26B65FD}.Release|x86.Build.0 = Release|Any CPU
		{F6679FF4-EAB5-4EA3-86C8-329BA26B65FD}.Release|x86.Deploy.0 = Release|Any CPU
	EndGlobalSection
	GlobalSection(SolutionProperties) = preSolution
		HideSolutionNode = FALSE
	EndGlobalSection
	GlobalSection(ExtensibilityGlobals) = postSolution
		SolutionGuid = {12AF3DE9-D636-4C1D-8C32-D1787F5C57DF}
	EndGlobalSection
EndGlobal
